
Microsoft Visual Studio Solution File, Format Version 12.00
# Visual Studio Version 17
VisualStudioVersion = 17.10.35122.118
MinimumVisualStudioVersion = 10.0.40219.1
Project("{8BC9CEB8-8B4A-11D0-8D11-00A0C91BC942}") = "Customization tool win32api", "Customization tool win32api.vcxproj", "{251C8E98-D461-47BE-A552-D822C71F970C}"
EndProject
Global
	GlobalSection(SolutionConfigurationPlatforms) = preSolution
		Debug|x64 = Debug|x64
		Debug|x86 = Debug|x86
		Release|x64 = Release|x64
		Release|x86 = Release|x86
	EndGlobalSection
	GlobalSection(ProjectConfigurationPlatforms) = postSolution
		{251C8E98-D461-47BE-A552-D822C71F970C}.Debug|x64.ActiveCfg = Debug|x64
		{251C8E98-D461-47BE-A552-D822C71F970C}.Debug|x64.Build.0 = Debug|x64
		{251C8E98-D461-47BE-A552-D822C71F970C}.Debug|x86.ActiveCfg = Debug|Win32
		{251C8E98-D461-47BE-A552-D822C71F970C}.Debug|x86.Build.0 = Debug|Win32
		{251C8E98-D461-47BE-A552-D822C71F970C}.Release|x64.ActiveCfg = Release|x64
		{251C8E98-D461-47BE-A552-D822C71F970C}.Release|x64.Build.0 = Release|x64
		{251C8E98-D461-47BE-A552-D822C71F970C}.Release|x86.ActiveCfg = Release|Win32
		{251C8E98-D461-47BE-A552-D822C71F970C}.Release|x86.Build.0 = Release|Win32
	EndGlobalSection
	GlobalSection(SolutionProperties) = preSolution
		HideSolutionNode = FALSE
	EndGlobalSection
	GlobalSection(ExtensibilityGlobals) = postSolution
		SolutionGuid = {BCA66071-6F9A-4B6E-8B7E-14275835D8CE}
	EndGlobalSection
EndGlobal
